
Microsoft Visual Studio Solution File, Format Version 12.00
# Visual Studio 15
VisualStudioVersion = 15.0.27428.2005
MinimumVisualStudioVersion = 10.0.40219.1
Project("{9A19103F-16F7-4668-BE54-9A1E7A4F7556}") = "RandomPersons", "RandomName\RandomPersons.csproj", "{160A0939-B2F4-4768-848A-F4549CA1F89A}"
EndProject
Global
	GlobalSection(SolutionConfigurationPlatforms) = preSolution
		Debug|Any CPU = Debug|Any CPU
		Release|Any CPU = Release|Any CPU
	EndGlobalSection
	GlobalSection(ProjectConfigurationPlatforms) = postSolution
		{160A0939-B2F4-4768-848A-F4549CA1F89A}.Debug|Any CPU.ActiveCfg = Debug|Any CPU
		{160A0939-B2F4-4768-848A-F4549CA1F89A}.Debug|Any CPU.Build.0 = Debug|Any CPU
		{160A0939-B2F4-4768-848A-F4549CA1F89A}.Release|Any CPU.ActiveCfg = Release|Any CPU
		{160A0939-B2F4-4768-848A-F4549CA1F89A}.Release|Any CPU.Build.0 = Release|Any CPU
	EndGlobalSection
	GlobalSection(SolutionProperties) = preSolution
		HideSolutionNode = FALSE
	EndGlobalSection
	GlobalSection(ExtensibilityGlobals) = postSolution
		SolutionGuid = {EF33EB86-80F9-447C-8156-08716C7E933E}
	EndGlobalSection
EndGlobal
